Microsoft Visual Studio Solution File, Format Version 12.00
# Visual Studio Version 17
VisualStudioVersion = 17.5.2.0
MinimumVisualStudioVersion = 10.0.40219.1
Project("{FAE04EC0-301F-11D3-BF4B-00C04F79EFBC}") = "movie-recommendations", "movie-recommendations\movie-recommendations.csproj", "{845A8F6F-45B9-C823-7967-AD0C312BE155}"
EndProject
Global
	GlobalSection(SolutionConfigurationPlatforms) = preSolution
		Debug|Any CPU = Debug|Any CPU
		Release|Any CPU = Release|Any CPU
	EndGlobalSection
	GlobalSection(ProjectConfigurationPlatforms) = postSolution
		{845A8F6F-45B9-C823-7967-AD0C312BE155}.Debug|Any CPU.ActiveCfg = Debug|Any CPU
		{845A8F6F-45B9-C823-7967-AD0C312BE155}.Debug|Any CPU.Build.0 = Debug|Any CPU
		{845A8F6F-45B9-C823-7967-AD0C312BE155}.Release|Any CPU.ActiveCfg = Release|Any CPU
		{845A8F6F-45B9-C823-7967-AD0C312BE155}.Release|Any CPU.Build.0 = Release|Any CPU
	EndGlobalSection
	GlobalSection(SolutionProperties) = preSolution
		HideSolutionNode = FALSE
	EndGlobalSection
	GlobalSection(ExtensibilityGlobals) = postSolution
		SolutionGuid = {17B53954-E563-4764-B485-4E741114C8F7}
	EndGlobalSection
EndGlobal
